// !$*UTF8*$!
{
	archiveVersion = 1;
	classes = {
	};
	objectVersion = 50;
	objects = {

/* Begin PBXBuildFile section */
		6F0764AC2164A46400C26AFB /* SalesforceSession.cpp in Sources */ = {isa = PBXBuildFile; fileRef = 6F0764AA2164A46400C26AFB /* SalesforceSession.cpp */; };
		6F16CD9121C399280056C78E /* recordType.cpp in Sources */ = {isa = PBXBuildFile; fileRef = 6F16CD8F21C399280056C78E /* recordType.cpp */; };
		6F17514C217C720600BF4B3B /* threadBucket.cpp in Sources */ = {isa = PBXBuildFile; fileRef = 6F17514A217C720600BF4B3B /* threadBucket.cpp */; };
		6F31AE71216242680008332E /* libcurl.tbd in Frameworks */ = {isa = PBXBuildFile; fileRef = 6F31AE70216242680008332E /* libcurl.tbd */; };
		6F47C29F21763AFE003A25D5 /* config.cpp in Sources */ = {isa = PBXBuildFile; fileRef = 6F47C29D21763AFE003A25D5 /* config.cpp */; };
		6F5F36A1219FF1D700F02B20 /* genericAttribute.cpp in Sources */ = {isa = PBXBuildFile; fileRef = 6F5F369F219FF1D700F02B20 /* genericAttribute.cpp */; };
		6F5F36A4219FF47100F02B20 /* nameAttribute.cpp in Sources */ = {isa = PBXBuildFile; fileRef = 6F5F36A2219FF47100F02B20 /* nameAttribute.cpp */; };
		6F5F36A7219FF63500F02B20 /* integerAttribute.cpp in Sources */ = {isa = PBXBuildFile; fileRef = 6F5F36A5219FF63500F02B20 /* integerAttribute.cpp */; };
		6F5F36AA219FF76200F02B20 /* picklistAttribute.cpp in Sources */ = {isa = PBXBuildFile; fileRef = 6F5F36A8219FF76200F02B20 /* picklistAttribute.cpp */; };
		6F5F36AD21A05D2900F02B20 /* textGenerator.cpp in Sources */ = {isa = PBXBuildFile; fileRef = 6F5F36AB21A05D2900F02B20 /* textGenerator.cpp */; };
		6F5F36B021A05F7E00F02B20 /* textAttribute.cpp in Sources */ = {isa = PBXBuildFile; fileRef = 6F5F36AE21A05F7E00F02B20 /* textAttribute.cpp */; };
		6F5F36B321A061EC00F02B20 /* recordGenerator.cpp in Sources */ = {isa = PBXBuildFile; fileRef = 6F5F36B121A061EC00F02B20 /* recordGenerator.cpp */; };
		6F6BCE4E21A436DD004D065A /* idAttribute.cpp in Sources */ = {isa = PBXBuildFile; fileRef = 6F6BCE4C21A436DD004D065A /* idAttribute.cpp */; };
		6F709E5C216F935000D9668A /* sessionCredentials.cpp in Sources */ = {isa = PBXBuildFile; fileRef = 6F709E5A216F935000D9668A /* sessionCredentials.cpp */; };
		6F7C006C219F250800DA5B99 /* corpNameGenerator.cpp in Sources */ = {isa = PBXBuildFile; fileRef = 6F7C006A219F250800DA5B99 /* corpNameGenerator.cpp */; };
		6FA46F53216B451B0071654E /* bulkSession.cpp in Sources */ = {isa = PBXBuildFile; fileRef = 6FA46F51216B451B0071654E /* bulkSession.cpp */; };
		6FC3633621A2CA0000A4B244 /* bulkInject.cpp in Sources */ = {isa = PBXBuildFile; fileRef = 6FC3633421A2CA0000A4B244 /* bulkInject.cpp */; };
		6FD1CAA521639E1D004D2DF5 /* sObject.cpp in Sources */ = {isa = PBXBuildFile; fileRef = 6FD1CAA321639E1D004D2DF5 /* sObject.cpp */; };
		6FD1CAA821639EFE004D2DF5 /* sAttribute.cpp in Sources */ = {isa = PBXBuildFile; fileRef = 6FD1CAA621639EFE004D2DF5 /* sAttribute.cpp */; };
		6FD4C697219EBEFA00588A1F /* injectionOrchestrator.cpp in Sources */ = {isa = PBXBuildFile; fileRef = 6FD4C695219EBEFA00588A1F /* injectionOrchestrator.cpp */; };
		6FD68FF3216F2BC200838E74 /* bulkQuery.cpp in Sources */ = {isa = PBXBuildFile; fileRef = 6FD68FF1216F2BC200838E74 /* bulkQuery.cpp */; };
		6FD68FF6216F2EE600838E74 /* orchestrator.cpp in Sources */ = {isa = PBXBuildFile; fileRef = 6FD68FF4216F2EE600838E74 /* orchestrator.cpp */; };
		6FF4C267215A6BCA002D89F7 /* main.cpp in Sources */ = {isa = PBXBuildFile; fileRef = 6FF4C266215A6BCA002D89F7 /* main.cpp */; };
/* End PBXBuildFile section */

/* Begin PBXCopyFilesBuildPhase section */
		6FF4C261215A6BCA002D89F7 /* CopyFiles */ = {
			isa = PBXCopyFilesBuildPhase;
			buildActionMask = 2147483647;
			dstPath = /usr/share/man/man1/;
			dstSubfolderSpec = 0;
			files = (
			);
			runOnlyForDeploymentPostprocessing = 1;
		};
/* End PBXCopyFilesBuildPhase section */

/* Begin PBXFileReference section */
		6F0764AA2164A46400C26AFB /* SalesforceSession.cpp */ = {isa = PBXFileReference; lastKnownFileType = sourcecode.cpp.cpp; path = SalesforceSession.cpp; sourceTree = "<group>"; };
		6F0764AB2164A46400C26AFB /* SalesforceSession.hpp */ = {isa = PBXFileReference; lastKnownFileType = sourcecode.cpp.h; path = SalesforceSession.hpp; sourceTree = "<group>"; };
		6F16CD8F21C399280056C78E /* recordType.cpp */ = {isa = PBXFileReference; lastKnownFileType = sourcecode.cpp.cpp; path = recordType.cpp; sourceTree = "<group>"; };
		6F16CD9021C399280056C78E /* recordType.hpp */ = {isa = PBXFileReference; lastKnownFileType = sourcecode.cpp.h; path = recordType.hpp; sourceTree = "<group>"; };
		6F17514A217C720600BF4B3B /* threadBucket.cpp */ = {isa = PBXFileReference; lastKnownFileType = sourcecode.cpp.cpp; path = threadBucket.cpp; sourceTree = "<group>"; };
		6F17514B217C720600BF4B3B /* threadBucket.hpp */ = {isa = PBXFileReference; lastKnownFileType = sourcecode.cpp.h; path = threadBucket.hpp; sourceTree = "<group>"; };
		6F31AE70216242680008332E /* libcurl.tbd */ = {isa = PBXFileReference; lastKnownFileType = "sourcecode.text-based-dylib-definition"; name = libcurl.tbd; path = usr/lib/libcurl.tbd; sourceTree = SDKROOT; };
		6F47C29D21763AFE003A25D5 /* config.cpp */ = {isa = PBXFileReference; lastKnownFileType = sourcecode.cpp.cpp; path = config.cpp; sourceTree = "<group>"; };
		6F47C29E21763AFE003A25D5 /* config.hpp */ = {isa = PBXFileReference; lastKnownFileType = sourcecode.cpp.h; path = config.hpp; sourceTree = "<group>"; };
		6F5F369F219FF1D700F02B20 /* genericAttribute.cpp */ = {isa = PBXFileReference; lastKnownFileType = sourcecode.cpp.cpp; path = genericAttribute.cpp; sourceTree = "<group>"; };
		6F5F36A0219FF1D700F02B20 /* genericAttribute.hpp */ = {isa = PBXFileReference; lastKnownFileType = sourcecode.cpp.h; path = genericAttribute.hpp; sourceTree = "<group>"; };
		6F5F36A2219FF47100F02B20 /* nameAttribute.cpp */ = {isa = PBXFileReference; lastKnownFileType = sourcecode.cpp.cpp; path = nameAttribute.cpp; sourceTree = "<group>"; };
		6F5F36A3219FF47100F02B20 /* nameAttribute.hpp */ = {isa = PBXFileReference; lastKnownFileType = sourcecode.cpp.h; path = nameAttribute.hpp; sourceTree = "<group>"; };
		6F5F36A5219FF63500F02B20 /* integerAttribute.cpp */ = {isa = PBXFileReference; lastKnownFileType = sourcecode.cpp.cpp; path = integerAttribute.cpp; sourceTree = "<group>"; };
		6F5F36A6219FF63500F02B20 /* integerAttribute.hpp */ = {isa = PBXFileReference; lastKnownFileType = sourcecode.cpp.h; path = integerAttribute.hpp; sourceTree = "<group>"; };
		6F5F36A8219FF76200F02B20 /* picklistAttribute.cpp */ = {isa = PBXFileReference; lastKnownFileType = sourcecode.cpp.cpp; path = picklistAttribute.cpp; sourceTree = "<group>"; };
		6F5F36A9219FF76200F02B20 /* picklistAttribute.hpp */ = {isa = PBXFileReference; lastKnownFileType = sourcecode.cpp.h; path = picklistAttribute.hpp; sourceTree = "<group>"; };
		6F5F36AB21A05D2900F02B20 /* textGenerator.cpp */ = {isa = PBXFileReference; lastKnownFileType = sourcecode.cpp.cpp; path = textGenerator.cpp; sourceTree = "<group>"; };
		6F5F36AC21A05D2900F02B20 /* textGenerator.hpp */ = {isa = PBXFileReference; lastKnownFileType = sourcecode.cpp.h; path = textGenerator.hpp; sourceTree = "<group>"; };
		6F5F36AE21A05F7E00F02B20 /* textAttribute.cpp */ = {isa = PBXFileReference; lastKnownFileType = sourcecode.cpp.cpp; path = textAttribute.cpp; sourceTree = "<group>"; };
		6F5F36AF21A05F7E00F02B20 /* textAttribute.hpp */ = {isa = PBXFileReference; lastKnownFileType = sourcecode.cpp.h; path = textAttribute.hpp; sourceTree = "<group>"; };
		6F5F36B121A061EC00F02B20 /* recordGenerator.cpp */ = {isa = PBXFileReference; lastKnownFileType = sourcecode.cpp.cpp; path = recordGenerator.cpp; sourceTree = "<group>"; };
		6F5F36B221A061EC00F02B20 /* recordGenerator.hpp */ = {isa = PBXFileReference; lastKnownFileType = sourcecode.cpp.h; path = recordGenerator.hpp; sourceTree = "<group>"; };
		6F6BCE4C21A436DD004D065A /* idAttribute.cpp */ = {isa = PBXFileReference; lastKnownFileType = sourcecode.cpp.cpp; path = idAttribute.cpp; sourceTree = "<group>"; };
		6F6BCE4D21A436DD004D065A /* idAttribute.hpp */ = {isa = PBXFileReference; lastKnownFileType = sourcecode.cpp.h; path = idAttribute.hpp; sourceTree = "<group>"; };
		6F709E5A216F935000D9668A /* sessionCredentials.cpp */ = {isa = PBXFileReference; lastKnownFileType = sourcecode.cpp.cpp; path = sessionCredentials.cpp; sourceTree = "<group>"; };
		6F709E5B216F935000D9668A /* sessionCredentials.hpp */ = {isa = PBXFileReference; lastKnownFileType = sourcecode.cpp.h; path = sessionCredentials.hpp; sourceTree = "<group>"; };
		6F7C006A219F250800DA5B99 /* corpNameGenerator.cpp */ = {isa = PBXFileReference; lastKnownFileType = sourcecode.cpp.cpp; path = corpNameGenerator.cpp; sourceTree = "<group>"; };
		6F7C006B219F250800DA5B99 /* corpNameGenerator.hpp */ = {isa = PBXFileReference; lastKnownFileType = sourcecode.cpp.h; path = corpNameGenerator.hpp; sourceTree = "<group>"; };
		6FA46F51216B451B0071654E /* bulkSession.cpp */ = {isa = PBXFileReference; lastKnownFileType = sourcecode.cpp.cpp; path = bulkSession.cpp; sourceTree = "<group>"; };
		6FA46F52216B451B0071654E /* bulkSession.hpp */ = {isa = PBXFileReference; lastKnownFileType = sourcecode.cpp.h; path = bulkSession.hpp; sourceTree = "<group>"; };
		6FC3633421A2CA0000A4B244 /* bulkInject.cpp */ = {isa = PBXFileReference; lastKnownFileType = sourcecode.cpp.cpp; path = bulkInject.cpp; sourceTree = "<group>"; };
		6FC3633521A2CA0000A4B244 /* bulkInject.hpp */ = {isa = PBXFileReference; lastKnownFileType = sourcecode.cpp.h; path = bulkInject.hpp; sourceTree = "<group>"; };
		6FD1CAA321639E1D004D2DF5 /* sObject.cpp */ = {isa = PBXFileReference; lastKnownFileType = sourcecode.cpp.cpp; path = sObject.cpp; sourceTree = "<group>"; };
		6FD1CAA421639E1D004D2DF5 /* sObject.hpp */ = {isa = PBXFileReference; lastKnownFileType = sourcecode.cpp.h; path = sObject.hpp; sourceTree = "<group>"; };
		6FD1CAA621639EFE004D2DF5 /* sAttribute.cpp */ = {isa = PBXFileReference; lastKnownFileType = sourcecode.cpp.cpp; path = sAttribute.cpp; sourceTree = "<group>"; };
		6FD1CAA721639EFE004D2DF5 /* sAttribute.hpp */ = {isa = PBXFileReference; lastKnownFileType = sourcecode.cpp.h; path = sAttribute.hpp; sourceTree = "<group>"; };
		6FD4C695219EBEFA00588A1F /* injectionOrchestrator.cpp */ = {isa = PBXFileReference; lastKnownFileType = sourcecode.cpp.cpp; path = injectionOrchestrator.cpp; sourceTree = "<group>"; };
		6FD4C696219EBEFA00588A1F /* injectionOrchestrator.hpp */ = {isa = PBXFileReference; lastKnownFileType = sourcecode.cpp.h; path = injectionOrchestrator.hpp; sourceTree = "<group>"; };
		6FD68FF1216F2BC200838E74 /* bulkQuery.cpp */ = {isa = PBXFileReference; lastKnownFileType = sourcecode.cpp.cpp; path = bulkQuery.cpp; sourceTree = "<group>"; };
		6FD68FF2216F2BC200838E74 /* bulkQuery.hpp */ = {isa = PBXFileReference; lastKnownFileType = sourcecode.cpp.h; path = bulkQuery.hpp; sourceTree = "<group>"; };
		6FD68FF4216F2EE600838E74 /* orchestrator.cpp */ = {isa = PBXFileReference; lastKnownFileType = sourcecode.cpp.cpp; path = orchestrator.cpp; sourceTree = "<group>"; };
		6FD68FF5216F2EE600838E74 /* orchestrator.hpp */ = {isa = PBXFileReference; lastKnownFileType = sourcecode.cpp.h; path = orchestrator.hpp; sourceTree = "<group>"; };
		6FF4C263215A6BCA002D89F7 /* curltry */ = {isa = PBXFileReference; explicitFileType = "compiled.mach-o.executable"; includeInIndex = 0; path = curltry; sourceTree = BUILT_PRODUCTS_DIR; };
		6FF4C266215A6BCA002D89F7 /* main.cpp */ = {isa = PBXFileReference; lastKnownFileType = sourcecode.cpp.cpp; path = main.cpp; sourceTree = "<group>"; };
/* End PBXFileReference section */

/* Begin PBXFrameworksBuildPhase section */
		6FF4C260215A6BCA002D89F7 /* Frameworks */ = {
			isa = PBXFrameworksBuildPhase;
			buildActionMask = 2147483647;
			files = (
				6F31AE71216242680008332E /* libcurl.tbd in Frameworks */,
			);
			runOnlyForDeploymentPostprocessing = 0;
		};
/* End PBXFrameworksBuildPhase section */

/* Begin PBXGroup section */
		6F31AE6F216242680008332E /* Frameworks */ = {
			isa = PBXGroup;
			children = (
				6F31AE70216242680008332E /* libcurl.tbd */,
			);
			name = Frameworks;
			sourceTree = "<group>";
		};
		6FF4C25A215A6BCA002D89F7 = {
			isa = PBXGroup;
			children = (
				6FF4C265215A6BCA002D89F7 /* curltry */,
				6FF4C264215A6BCA002D89F7 /* Products */,
				6F31AE6F216242680008332E /* Frameworks */,
			);
			sourceTree = "<group>";
		};
		6FF4C264215A6BCA002D89F7 /* Products */ = {
			isa = PBXGroup;
			children = (
				6FF4C263215A6BCA002D89F7 /* curltry */,
			);
			name = Products;
			sourceTree = "<group>";
		};
		6FF4C265215A6BCA002D89F7 /* curltry */ = {
			isa = PBXGroup;
			children = (
				6FF4C266215A6BCA002D89F7 /* main.cpp */,
				6FC3633421A2CA0000A4B244 /* bulkInject.cpp */,
				6FC3633521A2CA0000A4B244 /* bulkInject.hpp */,
				6FD68FF1216F2BC200838E74 /* bulkQuery.cpp */,
				6FD68FF2216F2BC200838E74 /* bulkQuery.hpp */,
				6F0764AA2164A46400C26AFB /* SalesforceSession.cpp */,
				6F0764AB2164A46400C26AFB /* SalesforceSession.hpp */,
				6FA46F51216B451B0071654E /* bulkSession.cpp */,
				6F16CD8F21C399280056C78E /* recordType.cpp */,
				6F16CD9021C399280056C78E /* recordType.hpp */,
				6FA46F52216B451B0071654E /* bulkSession.hpp */,
				6FD1CAA321639E1D004D2DF5 /* sObject.cpp */,
				6FD1CAA421639E1D004D2DF5 /* sObject.hpp */,
				6F17514A217C720600BF4B3B /* threadBucket.cpp */,
				6F17514B217C720600BF4B3B /* threadBucket.hpp */,
				6FD68FF4216F2EE600838E74 /* orchestrator.cpp */,
				6F47C29D21763AFE003A25D5 /* config.cpp */,
				6F47C29E21763AFE003A25D5 /* config.hpp */,
				6F709E5A216F935000D9668A /* sessionCredentials.cpp */,
				6F709E5B216F935000D9668A /* sessionCredentials.hpp */,
				6FD68FF5216F2EE600838E74 /* orchestrator.hpp */,
				6FD4C695219EBEFA00588A1F /* injectionOrchestrator.cpp */,
				6FD4C696219EBEFA00588A1F /* injectionOrchestrator.hpp */,
				6F7C006A219F250800DA5B99 /* corpNameGenerator.cpp */,
				6F5F369F219FF1D700F02B20 /* genericAttribute.cpp */,
				6F5F36A0219FF1D700F02B20 /* genericAttribute.hpp */,
				6F5F36A2219FF47100F02B20 /* nameAttribute.cpp */,
				6F5F36A3219FF47100F02B20 /* nameAttribute.hpp */,
				6F5F36AE21A05F7E00F02B20 /* textAttribute.cpp */,
				6F5F36B121A061EC00F02B20 /* recordGenerator.cpp */,
				6F5F36B221A061EC00F02B20 /* recordGenerator.hpp */,
				6F5F36AF21A05F7E00F02B20 /* textAttribute.hpp */,
				6F6BCE4C21A436DD004D065A /* idAttribute.cpp */,
				6F6BCE4D21A436DD004D065A /* idAttribute.hpp */,
				6F5F36A5219FF63500F02B20 /* integerAttribute.cpp */,
				6F5F36A6219FF63500F02B20 /* integerAttribute.hpp */,
				6F5F36A8219FF76200F02B20 /* picklistAttribute.cpp */,
				6F5F36A9219FF76200F02B20 /* picklistAttribute.hpp */,
				6F7C006B219F250800DA5B99 /* corpNameGenerator.hpp */,
				6F5F36AB21A05D2900F02B20 /* textGenerator.cpp */,
				6F5F36AC21A05D2900F02B20 /* textGenerator.hpp */,
				6FD1CAA621639EFE004D2DF5 /* sAttribute.cpp */,
				6FD1CAA721639EFE004D2DF5 /* sAttribute.hpp */,
			);
			path = curltry;
			sourceTree = "<group>";
		};
/* End PBXGroup section */

/* Begin PBXNativeTarget section */
		6FF4C262215A6BCA002D89F7 /* curltry */ = {
			isa = PBXNativeTarget;
			buildConfigurationList = 6FF4C26A215A6BCA002D89F7 /* Build configuration list for PBXNativeTarget "curltry" */;
			buildPhases = (
				6FF4C25F215A6BCA002D89F7 /* Sources */,
				6FF4C260215A6BCA002D89F7 /* Frameworks */,
				6FF4C261215A6BCA002D89F7 /* CopyFiles */,
			);
			buildRules = (
			);
			dependencies = (
			);
			name = curltry;
			productName = curltry;
			productReference = 6FF4C263215A6BCA002D89F7 /* curltry */;
			productType = "com.apple.product-type.tool";
		};
/* End PBXNativeTarget section */

/* Begin PBXProject section */
		6FF4C25B215A6BCA002D89F7 /* Project object */ = {
			isa = PBXProject;
			attributes = {
				LastUpgradeCheck = 1000;
				ORGANIZATIONNAME = "Vincent Brenet";
				TargetAttributes = {
					6FF4C262215A6BCA002D89F7 = {
						CreatedOnToolsVersion = 10.0;
					};
				};
			};
			buildConfigurationList = 6FF4C25E215A6BCA002D89F7 /* Build configuration list for PBXProject "curltry" */;
			compatibilityVersion = "Xcode 9.3";
			developmentRegion = en;
			hasScannedForEncodings = 0;
			knownRegions = (
				en,
			);
			mainGroup = 6FF4C25A215A6BCA002D89F7;
			productRefGroup = 6FF4C264215A6BCA002D89F7 /* Products */;
			projectDirPath = "";
			projectRoot = "";
			targets = (
				6FF4C262215A6BCA002D89F7 /* curltry */,
			);
		};
/* End PBXProject section */

/* Begin PBXSourcesBuildPhase section */
		6FF4C25F215A6BCA002D89F7 /* Sources */ = {
			isa = PBXSourcesBuildPhase;
			buildActionMask = 2147483647;
			files = (
				6FD1CAA521639E1D004D2DF5 /* sObject.cpp in Sources */,
				6F5F36A1219FF1D700F02B20 /* genericAttribute.cpp in Sources */,
				6F5F36B321A061EC00F02B20 /* recordGenerator.cpp in Sources */,
				6F17514C217C720600BF4B3B /* threadBucket.cpp in Sources */,
				6F709E5C216F935000D9668A /* sessionCredentials.cpp in Sources */,
				6F0764AC2164A46400C26AFB /* SalesforceSession.cpp in Sources */,
				6F16CD9121C399280056C78E /* recordType.cpp in Sources */,
				6F5F36AD21A05D2900F02B20 /* textGenerator.cpp in Sources */,
				6F5F36A4219FF47100F02B20 /* nameAttribute.cpp in Sources */,
				6FD1CAA821639EFE004D2DF5 /* sAttribute.cpp in Sources */,
				6F5F36A7219FF63500F02B20 /* integerAttribute.cpp in Sources */,
				6FF4C267215A6BCA002D89F7 /* main.cpp in Sources */,
				6F7C006C219F250800DA5B99 /* corpNameGenerator.cpp in Sources */,
				6F5F36B021A05F7E00F02B20 /* textAttribute.cpp in Sources */,
				6FD68FF3216F2BC200838E74 /* bulkQuery.cpp in Sources */,
				6F6BCE4E21A436DD004D065A /* idAttribute.cpp in Sources */,
				6FD68FF6216F2EE600838E74 /* orchestrator.cpp in Sources */,
				6FD4C697219EBEFA00588A1F /* injectionOrchestrator.cpp in Sources */,
				6F5F36AA219FF76200F02B20 /* picklistAttribute.cpp in Sources */,
				6FA46F53216B451B0071654E /* bulkSession.cpp in Sources */,
				6FC3633621A2CA0000A4B244 /* bulkInject.cpp in Sources */,
				6F47C29F21763AFE003A25D5 /* config.cpp in Sources */,
			);
			runOnlyForDeploymentPostprocessing = 0;
		};
/* End PBXSourcesBuildPhase section */

/* Begin XCBuildConfiguration section */
		6FF4C268215A6BCA002D89F7 /* Debug */ = {
			isa = XCBuildConfiguration;
			buildSettings = {
				ALWAYS_SEARCH_USER_PATHS = NO;
				CLANG_ANALYZER_NONNULL = YES;
				CLANG_ANALYZER_NUMBER_OBJECT_CONVERSION = YES_AGGRESSIVE;
				CLANG_CXX_LANGUAGE_STANDARD = "gnu++14";
				CLANG_CXX_LIBRARY = "libc++";
				CLANG_ENABLE_MODULES = YES;
				CLANG_ENABLE_OBJC_ARC = YES;
				CLANG_ENABLE_OBJC_WEAK = YES;
				CLANG_WARN_BLOCK_CAPTURE_AUTORELEASING = YES;
				CLANG_WARN_BOOL_CONVERSION = YES;
				CLANG_WARN_COMMA = YES;
				CLANG_WARN_CONSTANT_CONVERSION = YES;
				CLANG_WARN_DEPRECATED_OBJC_IMPLEMENTATIONS = YES;
				CLANG_WARN_DIRECT_OBJC_ISA_USAGE = YES_ERROR;
				CLANG_WARN_DOCUMENTATION_COMMENTS = YES;
				CLANG_WARN_EMPTY_BODY = YES;
				CLANG_WARN_ENUM_CONVERSION = YES;
				CLANG_WARN_INFINITE_RECURSION = YES;
				CLANG_WARN_INT_CONVERSION = YES;
				CLANG_WARN_NON_LITERAL_NULL_CONVERSION = YES;
				CLANG_WARN_OBJC_IMPLICIT_RETAIN_SELF = YES;
				CLANG_WARN_OBJC_LITERAL_CONVERSION = YES;
				CLANG_WARN_OBJC_ROOT_CLASS = YES_ERROR;
				CLANG_WARN_RANGE_LOOP_ANALYSIS = YES;
				CLANG_WARN_STRICT_PROTOTYPES = YES;
				CLANG_WARN_SUSPICIOUS_MOVE = YES;
				CLANG_WARN_UNGUARDED_AVAILABILITY = YES_AGGRESSIVE;
				CLANG_WARN_UNREACHABLE_CODE = YES;
				CLANG_WARN__DUPLICATE_METHOD_MATCH = YES;
				CODE_SIGN_IDENTITY = "-";
				COPY_PHASE_STRIP = NO;
				DEBUG_INFORMATION_FORMAT = dwarf;
				ENABLE_STRICT_OBJC_MSGSEND = YES;
				ENABLE_TESTABILITY = YES;
				GCC_C_LANGUAGE_STANDARD = gnu11;
				GCC_DYNAMIC_NO_PIC = NO;
				GCC_NO_COMMON_BLOCKS = YES;
				GCC_OPTIMIZATION_LEVEL = 0;
				GCC_PREPROCESSOR_DEFINITIONS = (
					"DEBUG=1",
					"$(inherited)",
				);
				GCC_WARN_64_TO_32_BIT_CONVERSION = YES;
				GCC_WARN_ABOUT_RETURN_TYPE = YES_ERROR;
				GCC_WARN_UNDECLARED_SELECTOR = YES;
				GCC_WARN_UNINITIALIZED_AUTOS = YES_AGGRESSIVE;
				GCC_WARN_UNUSED_FUNCTION = YES;
				GCC_WARN_UNUSED_VARIABLE = YES;
				MACOSX_DEPLOYMENT_TARGET = 10.13;
				MTL_ENABLE_DEBUG_INFO = INCLUDE_SOURCE;
				MTL_FAST_MATH = YES;
				ONLY_ACTIVE_ARCH = YES;
				SDKROOT = macosx;
			};
			name = Debug;
		};
		6FF4C269215A6BCA002D89F7 /* Release */ = {
			isa = XCBuildConfiguration;
			buildSettings = {
				ALWAYS_SEARCH_USER_PATHS = NO;
				CLANG_ANALYZER_NONNULL = YES;
				CLANG_ANALYZER_NUMBER_OBJECT_CONVERSION = YES_AGGRESSIVE;
				CLANG_CXX_LANGUAGE_STANDARD = "gnu++14";
				CLANG_CXX_LIBRARY = "libc++";
				CLANG_ENABLE_MODULES = YES;
				CLANG_ENABLE_OBJC_ARC = YES;
				CLANG_ENABLE_OBJC_WEAK = YES;
				CLANG_WARN_BLOCK_CAPTURE_AUTORELEASING = YES;
				CLANG_WARN_BOOL_CONVERSION = YES;
				CLANG_WARN_COMMA = YES;
				CLANG_WARN_CONSTANT_CONVERSION = YES;
				CLANG_WARN_DEPRECATED_OBJC_IMPLEMENTATIONS = YES;
				CLANG_WARN_DIRECT_OBJC_ISA_USAGE = YES_ERROR;
				CLANG_WARN_DOCUMENTATION_COMMENTS = YES;
				CLANG_WARN_EMPTY_BODY = YES;
				CLANG_WARN_ENUM_CONVERSION = YES;
				CLANG_WARN_INFINITE_RECURSION = YES;
				CLANG_WARN_INT_CONVERSION = YES;
				CLANG_WARN_NON_LITERAL_NULL_CONVERSION = YES;
				CLANG_WARN_OBJC_IMPLICIT_RETAIN_SELF = YES;
				CLANG_WARN_OBJC_LITERAL_CONVERSION = YES;
				CLANG_WARN_OBJC_ROOT_CLASS = YES_ERROR;
				CLANG_WARN_RANGE_LOOP_ANALYSIS = YES;
				CLANG_WARN_STRICT_PROTOTYPES = YES;
				CLANG_WARN_SUSPICIOUS_MOVE = YES;
				CLANG_WARN_UNGUARDED_AVAILABILITY = YES_AGGRESSIVE;
				CLANG_WARN_UNREACHABLE_CODE = YES;
				CLANG_WARN__DUPLICATE_METHOD_MATCH = YES;
				CODE_SIGN_IDENTITY = "-";
				COPY_PHASE_STRIP = NO;
				DEBUG_INFORMATION_FORMAT = "dwarf-with-dsym";
				ENABLE_NS_ASSERTIONS = NO;
				ENABLE_STRICT_OBJC_MSGSEND = YES;
				GCC_C_LANGUAGE_STANDARD = gnu11;
				GCC_NO_COMMON_BLOCKS = YES;
				GCC_WARN_64_TO_32_BIT_CONVERSION = YES;
				GCC_WARN_ABOUT_RETURN_TYPE = YES_ERROR;
				GCC_WARN_UNDECLARED_SELECTOR = YES;
				GCC_WARN_UNINITIALIZED_AUTOS = YES_AGGRESSIVE;
				GCC_WARN_UNUSED_FUNCTION = YES;
				GCC_WARN_UNUSED_VARIABLE = YES;
				MACOSX_DEPLOYMENT_TARGET = 10.13;
				MTL_ENABLE_DEBUG_INFO = NO;
				MTL_FAST_MATH = YES;
				SDKROOT = macosx;
			};
			name = Release;
		};
		6FF4C26B215A6BCA002D89F7 /* Debug */ = {
			isa = XCBuildConfiguration;
			buildSettings = {
				CODE_SIGN_STYLE = Automatic;
				PRODUCT_NAME = "$(TARGET_NAME)";
			};
			name = Debug;
		};
		6FF4C26C215A6BCA002D89F7 /* Release */ = {
			isa = XCBuildConfiguration;
			buildSettings = {
				CODE_SIGN_STYLE = Automatic;
				PRODUCT_NAME = "$(TARGET_NAME)";
			};
			name = Release;
		};
/* End XCBuildConfiguration section */

/* Begin XCConfigurationList section */
		6FF4C25E215A6BCA002D89F7 /* Build configuration list for PBXProject "curltry" */ = {
			isa = XCConfigurationList;
			buildConfigurations = (
				6FF4C268215A6BCA002D89F7 /* Debug */,
				6FF4C269215A6BCA002D89F7 /* Release */,
			);
			defaultConfigurationIsVisible = 0;
			defaultConfigurationName = Release;
		};
		6FF4C26A215A6BCA002D89F7 /* Build configuration list for PBXNativeTarget "curltry" */ = {
			isa = XCConfigurationList;
			buildConfigurations = (
				6FF4C26B215A6BCA002D89F7 /* Debug */,
				6FF4C26C215A6BCA002D89F7 /* Release */,
			);
			defaultConfigurationIsVisible = 0;
			defaultConfigurationName = Release;
		};
/* End XCConfigurationList section */
	};
	rootObject = 6FF4C25B215A6BCA002D89F7 /* Project object */;
}
